
Microsoft Visual Studio Solution File, Format Version 12.00
# Visual Studio Version 16
VisualStudioVersion = 16.0.31829.152
MinimumVisualStudioVersion = 10.0.40219.1
Project("{FAE04EC0-301F-11D3-BF4B-00C04F79EFBC}") = "No1", "00000033360_FarhanRaihan_AL\No1.csproj", "{076B4A7B-4C7D-4506-8091-3A1C3EF47339}"
EndProject
Global
	GlobalSection(SolutionConfigurationPlatforms) = preSolution
		Debug|Any CPU = Debug|Any CPU
		Release|Any CPU = Release|Any CPU
	EndGlobalSection
	GlobalSection(ProjectConfigurationPlatforms) = postSolution
		{076B4A7B-4C7D-4506-8091-3A1C3EF47339}.Debug|Any CPU.ActiveCfg = Debug|Any CPU
		{076B4A7B-4C7D-4506-8091-3A1C3EF47339}.Debug|Any CPU.Build.0 = Debug|Any CPU
		{076B4A7B-4C7D-4506-8091-3A1C3EF47339}.Release|Any CPU.ActiveCfg = Release|Any CPU
		{076B4A7B-4C7D-4506-8091-3A1C3EF47339}.Release|Any CPU.Build.0 = Release|Any CPU
	EndGlobalSection
	GlobalSection(SolutionProperties) = preSolution
		HideSolutionNode = FALSE
	EndGlobalSection
	GlobalSection(ExtensibilityGlobals) = postSolution
		SolutionGuid = {CABCF3B5-D279-4184-9F04-3F8EEF273948}
	EndGlobalSection
EndGlobal
