
Microsoft Visual Studio Solution File, Format Version 12.00
# Visual Studio Version 16
VisualStudioVersion = 16.0.31613.86
MinimumVisualStudioVersion = 10.0.40219.1
Project("{FAE04EC0-301F-11D3-BF4B-00C04F79EFBC}") = "Latihan1.2", "Latihan1.2\Latihan1.2.csproj", "{BD698253-0D01-420E-97E1-23980B649340}"
EndProject
Global
	GlobalSection(SolutionConfigurationPlatforms) = preSolution
		Debug|Any CPU = Debug|Any CPU
		Release|Any CPU = Release|Any CPU
	EndGlobalSection
	GlobalSection(ProjectConfigurationPlatforms) = postSolution
		{BD698253-0D01-420E-97E1-23980B649340}.Debug|Any CPU.ActiveCfg = Debug|Any CPU
		{BD698253-0D01-420E-97E1-23980B649340}.Debug|Any CPU.Build.0 = Debug|Any CPU
		{BD698253-0D01-420E-97E1-23980B649340}.Release|Any CPU.ActiveCfg = Release|Any CPU
		{BD698253-0D01-420E-97E1-23980B649340}.Release|Any CPU.Build.0 = Release|Any CPU
	EndGlobalSection
	GlobalSection(SolutionProperties) = preSolution
		HideSolutionNode = FALSE
	EndGlobalSection
	GlobalSection(ExtensibilityGlobals) = postSolution
		SolutionGuid = {6353B09A-6988-42AE-92B2-F7BA9867806E}
	EndGlobalSection
EndGlobal
