
Microsoft Visual Studio Solution File, Format Version 12.00
# Visual Studio Version 16
VisualStudioVersion = 16.0.31613.86
MinimumVisualStudioVersion = 10.0.40219.1
Project("{FAE04EC0-301F-11D3-BF4B-00C04F79EFBC}") = "LatihanSelection", "LatihanSelection\LatihanSelection.csproj", "{DE45151A-3609-4AEA-AD23-506FC41B01DB}"
EndProject
Global
	GlobalSection(SolutionConfigurationPlatforms) = preSolution
		Debug|Any CPU = Debug|Any CPU
		Release|Any CPU = Release|Any CPU
	EndGlobalSection
	GlobalSection(ProjectConfigurationPlatforms) = postSolution
		{DE45151A-3609-4AEA-AD23-506FC41B01DB}.Debug|Any CPU.ActiveCfg = Debug|Any CPU
		{DE45151A-3609-4AEA-AD23-506FC41B01DB}.Debug|Any CPU.Build.0 = Debug|Any CPU
		{DE45151A-3609-4AEA-AD23-506FC41B01DB}.Release|Any CPU.ActiveCfg = Release|Any CPU
		{DE45151A-3609-4AEA-AD23-506FC41B01DB}.Release|Any CPU.Build.0 = Release|Any CPU
	EndGlobalSection
	GlobalSection(SolutionProperties) = preSolution
		HideSolutionNode = FALSE
	EndGlobalSection
	GlobalSection(ExtensibilityGlobals) = postSolution
		SolutionGuid = {C0883728-4673-4345-AB6C-97F14B5670E3}
	EndGlobalSection
EndGlobal
