
Microsoft Visual Studio Solution File, Format Version 12.00
# Visual Studio Version 16
VisualStudioVersion = 16.0.31729.503
MinimumVisualStudioVersion = 10.0.40219.1
Project("{9A19103F-16F7-4668-BE54-9A1E7A4F7556}") = "Week9", "Week9\Week9.csproj", "{2B4E7786-A22E-438C-A4F1-472C7D68F0EC}"
EndProject
Global
	GlobalSection(SolutionConfigurationPlatforms) = preSolution
		Debug|Any CPU = Debug|Any CPU
		Release|Any CPU = Release|Any CPU
	EndGlobalSection
	GlobalSection(ProjectConfigurationPlatforms) = postSolution
		{2B4E7786-A22E-438C-A4F1-472C7D68F0EC}.Debug|Any CPU.ActiveCfg = Debug|Any CPU
		{2B4E7786-A22E-438C-A4F1-472C7D68F0EC}.Debug|Any CPU.Build.0 = Debug|Any CPU
		{2B4E7786-A22E-438C-A4F1-472C7D68F0EC}.Release|Any CPU.ActiveCfg = Release|Any CPU
		{2B4E7786-A22E-438C-A4F1-472C7D68F0EC}.Release|Any CPU.Build.0 = Release|Any CPU
	EndGlobalSection
	GlobalSection(SolutionProperties) = preSolution
		HideSolutionNode = FALSE
	EndGlobalSection
	GlobalSection(ExtensibilityGlobals) = postSolution
		SolutionGuid = {E4C8D5A1-5CF2-4039-86C0-B01737BB1494}
	EndGlobalSection
EndGlobal
